
Microsoft Visual Studio Solution File, Format Version 12.00
# Visual Studio Version 16
VisualStudioVersion = 16.0.29418.71
MinimumVisualStudioVersion = 10.0.40219.1
Project("{FAE04EC0-301F-11D3-BF4B-00C04F79EFBC}") = "Builder", "Builder\Builder.csproj", "{2454560E-979F-4FEE-86AF-20732C764F04}"
EndProject
Global
	GlobalSection(SolutionConfigurationPlatforms) = preSolution
		Debug|Any CPU = Debug|Any CPU
		Release|Any CPU = Release|Any CPU
	EndGlobalSection
	GlobalSection(ProjectConfigurationPlatforms) = postSolution
		{2454560E-979F-4FEE-86AF-20732C764F04}.Debug|Any CPU.ActiveCfg = Debug|Any CPU
		{2454560E-979F-4FEE-86AF-20732C764F04}.Debug|Any CPU.Build.0 = Debug|Any CPU
		{2454560E-979F-4FEE-86AF-20732C764F04}.Release|Any CPU.ActiveCfg = Release|Any CPU
		{2454560E-979F-4FEE-86AF-20732C764F04}.Release|Any CPU.Build.0 = Release|Any CPU
	EndGlobalSection
	GlobalSection(SolutionProperties) = preSolution
		HideSolutionNode = FALSE
	EndGlobalSection
	GlobalSection(ExtensibilityGlobals) = postSolution
		SolutionGuid = {15FD0DB6-2FC7-4860-86E2-13C8763E0F73}
	EndGlobalSection
EndGlobal
